<?xml version="1.0" encoding="utf-8"?>
<Project ToolsVersion="4.0" xmlns="http://schemas.microsoft.com/developer/msbuild/2003">
  <ItemGroup>
    <Filter Include="Source Files">
      <UniqueIdentifier>{4FC737F1-C7A5-4376-A066-2A32D752A2FF}</UniqueIdentifier>
      <Extensions>cpp;c;cc;cxx;def;odl;idl;hpj;bat;asm;asmx</Extensions>
    </Filter>
    <Filter Include="Core">
      <UniqueIdentifier>{21a1b043-8d39-4ead-b4bf-fbfa35f24d75}</UniqueIdentifier>
    </Filter>
    <Filter Include="GA">
      <UniqueIdentifier>{019b5365-6cd4-4c97-b014-d8d6250e3928}</UniqueIdentifier>
    </Filter>
    <Filter Include="Player">
      <UniqueIdentifier>{0f185f59-f346-4580-b3a0-a20f10b180f3}</UniqueIdentifier>
    </Filter>
    <Filter Include="Domain">
      <UniqueIdentifier>{46bae090-7537-4f0e-a106-01dedd788b7a}</UniqueIdentifier>
    </Filter>
    <Filter Include="Persistence">
      <UniqueIdentifier>{2d087bf5-9114-4486-af16-13772d77d35e}</UniqueIdentifier>
    </Filter>
    <Filter Include="Feature">
      <UniqueIdentifier>{05aafc9e-614b-456e-96ab-ec2234a30713}</UniqueIdentifier>
    </Filter>
    <Filter Include="Game">
      <UniqueIdentifier>{fd96f8fb-099a-4632-870a-ac3beb6fb543}</UniqueIdentifier>
    </Filter>
    <Filter Include="ChessGA">
      <UniqueIdentifier>{4dcc54cb-8c55-47d5-ab8d-ed4c898a5d58}</UniqueIdentifier>
    </Filter>
    <Filter Include="Tablebase">
      <UniqueIdentifier>{694f2286-a2ab-4282-8b45-cd13fca13647}</UniqueIdentifier>
    </Filter>
  </ItemGroup>
  <ItemGroup>
    <ClCompile Include="main.cpp">
      <Filter>Source Files</Filter>
    </ClCompile>
  </ItemGroup>
  <ItemGroup>
    <ClInclude Include="..\Core\board.hpp">
      <Filter>Core</Filter>
    </ClInclude>
    <ClInclude Include="..\Core\move.hpp">
      <Filter>Core</Filter>
    </ClInclude>
    <ClInclude Include="..\Core\piece.hpp">
      <Filter>Core</Filter>
    </ClInclude>
    <ClInclude Include="..\Core\testboard.hpp">
      <Filter>Core</Filter>
    </ClInclude>
    <ClInclude Include="..\Core\unittest.hpp">
      <Filter>Core</Filter>
    </ClInclude>
    <ClInclude Include="..\GA\Chromosome.hpp">
      <Filter>GA</Filter>
    </ClInclude>
    <ClInclude Include="..\GA\Converter.hpp">
      <Filter>GA</Filter>
    </ClInclude>
    <ClInclude Include="..\GA\Evolution.hpp">
      <Filter>GA</Filter>
    </ClInclude>
    <ClInclude Include="..\GA\Galgo.hpp">
      <Filter>GA</Filter>
    </ClInclude>
    <ClInclude Include="..\GA\GeneticAlgorithm.hpp">
      <Filter>GA</Filter>
    </ClInclude>
    <ClInclude Include="..\GA\Parameter.hpp">
      <Filter>GA</Filter>
    </ClInclude>
    <ClInclude Include="..\GA\Population.hpp">
      <Filter>GA</Filter>
    </ClInclude>
    <ClInclude Include="..\GA\Randomize.hpp">
      <Filter>GA</Filter>
    </ClInclude>
    <ClInclude Include="..\GA\random.hpp">
      <Filter>GA</Filter>
    </ClInclude>
    <ClInclude Include="..\GA\galgo_example.hpp">
      <Filter>GA</Filter>
    </ClInclude>
    <ClInclude Include="..\Domain\domain.hpp">
      <Filter>Domain</Filter>
    </ClInclude>
    <ClInclude Include="..\Domain\partition.hpp">
      <Filter>Domain</Filter>
    </ClInclude>
    <ClInclude Include="..\Feature\feature.hpp">
      <Filter>Feature</Filter>
    </ClInclude>
    <ClInclude Include="..\Persistence\persist.hpp">
      <Filter>Persistence</Filter>
    </ClInclude>
    <ClInclude Include="..\Domain\partitionmanager.hpp">
      <Filter>Domain</Filter>
    </ClInclude>
    <ClInclude Include="..\Player\player.hpp">
      <Filter>Player</Filter>
    </ClInclude>
    <ClInclude Include="..\Core\chess.hpp">
      <Filter>Core</Filter>
    </ClInclude>
    <ClInclude Include="..\Feature\basefeature.hpp">
      <Filter>Feature</Filter>
    </ClInclude>
    <ClInclude Include="..\Feature\featuremanager.hpp">
      <Filter>Feature</Filter>
    </ClInclude>
    <ClInclude Include="..\Feature\condvalunode.hpp">
      <Filter>Feature</Filter>
    </ClInclude>
    <ClInclude Include="..\ChessGA\ChessGenAlgo.hpp">
      <Filter>ChessGA</Filter>
    </ClInclude>
    <ClInclude Include="..\ChessGA\ChessCoEvolveGA.hpp">
      <Filter>ChessGA</Filter>
    </ClInclude>
    <ClInclude Include="..\Game\game.hpp">
      <Filter>Game</Filter>
    </ClInclude>
    <ClInclude Include="..\Game\gamedb.hpp">
      <Filter>Game</Filter>
    </ClInclude>
    <ClInclude Include="..\Core\util.hpp">
      <Filter>Core</Filter>
    </ClInclude>
    <ClInclude Include="..\Player\playerfactory.hpp">
      <Filter>Player</Filter>
    </ClInclude>
    <ClInclude Include="..\Player\playerbase.hpp">
      <Filter>Player</Filter>
    </ClInclude>
    <ClInclude Include="..\Tablebase\tablebase.hpp">
      <Filter>Tablebase</Filter>
    </ClInclude>
    <ClInclude Include="..\Tablebase\tablebase_1v1.hpp">
      <Filter>Tablebase</Filter>
    </ClInclude>
    <ClInclude Include="..\Tablebase\tablebase_1v0.hpp">
      <Filter>Tablebase</Filter>
    </ClInclude>
    <ClInclude Include="..\Tablebase\tablebase_2v1.hpp">
      <Filter>Tablebase</Filter>
    </ClInclude>
    <ClInclude Include="..\Tablebase\tablebase_2v0.hpp">
      <Filter>Tablebase</Filter>
    </ClInclude>
    <ClInclude Include="..\Tablebase\tablebase_0v1.hpp">
      <Filter>Tablebase</Filter>
    </ClInclude>
    <ClInclude Include="..\Tablebase\tablebase_0v2.hpp">
      <Filter>Tablebase</Filter>
    </ClInclude>
    <ClInclude Include="..\Tablebase\tablebasehandler.hpp">
      <Filter>Tablebase</Filter>
    </ClInclude>
    <ClInclude Include="..\Tablebase\tablebaseutil.hpp">
      <Filter>Tablebase</Filter>
    </ClInclude>
    <ClInclude Include="..\Tablebase\tablebasemanager.hpp">
      <Filter>Tablebase</Filter>
    </ClInclude>
    <ClInclude Include="..\Tablebase\tablebasehandler_3.hpp">
      <Filter>Tablebase</Filter>
    </ClInclude>
    <ClInclude Include="..\Tablebase\tablebasehandler_2.hpp">
      <Filter>Tablebase</Filter>
    </ClInclude>
  </ItemGroup>
</Project>